PODS:
  - Alamofire (4.6.0)
  - Kingfisher (4.6.1)
  - SnapKit (3.2.0)
  - SwiftyJSON (4.0.0)

DEPENDENCIES:
  - Alamofire
  - Kingfisher (~> 4.0)
  - SnapKit (~> 3.2.0)
  - SwiftyJSON

SPEC CHECKSUMS:
  Alamofire: f41a599bd63041760b26d393ec1069d9d7b917f4
  Kingfisher: 1f9157d9c02b380cbd0b7cc890161195164eb634
  SnapKit: 1ca44df72cfa543218d177cb8aab029d10d86ea7
  SwiftyJSON: 070dabdcb1beb81b247c65ffa3a79dbbfb3b48aa

PODFILE CHECKSUM: 3c400781f52a653b40d0bbcdbd1d0f3a2498febb

COCOAPODS: 1.2.0
